// !$*UTF8*$!
{
	archiveVersion = 1;
	classes = {
	};
	objectVersion = 50;
	objects = {

/* Begin PBXBuildFile section */
		4D1083F9265D453B00EDCD23 /* AppDelegate.swift in Sources */ = {isa = PBXBuildFile; fileRef = 4D1083F8265D453B00EDCD23 /* AppDelegate.swift */; };
		4D1083FB265D453B00EDCD23 /* SceneDelegate.swift in Sources */ = {isa = PBXBuildFile; fileRef = 4D1083FA265D453B00EDCD23 /* SceneDelegate.swift */; };
		4D1083FD265D453B00EDCD23 /* ViewController.swift in Sources */ = {isa = PBXBuildFile; fileRef = 4D1083FC265D453B00EDCD23 /* ViewController.swift */; };
		4D108400265D453B00EDCD23 /* Main.storyboard in Resources */ = {isa = PBXBuildFile; fileRef = 4D1083FE265D453B00EDCD23 /* Main.storyboard */; };
		4D108402265D453F00EDCD23 /* Assets.xcassets in Resources */ = {isa = PBXBuildFile; fileRef = 4D108401265D453F00EDCD23 /* Assets.xcassets */; };
		4D108405265D453F00EDCD23 /* LaunchScreen.storyboard in Resources */ = {isa = PBXBuildFile; fileRef = 4D108403265D453F00EDCD23 /* LaunchScreen.storyboard */; };
		4D108410265D45FE00EDCD23 /* Filme.swift in Sources */ = {isa = PBXBuildFile; fileRef = 4D10840F265D45FE00EDCD23 /* Filme.swift */; };
		4D108412265D464400EDCD23 /* Cadastro.swift in Sources */ = {isa = PBXBuildFile; fileRef = 4D108411265D464400EDCD23 /* Cadastro.swift */; };
		4D108416265D57ED00EDCD23 /* ListaTableViewController.swift in Sources */ = {isa = PBXBuildFile; fileRef = 4D108415265D57ED00EDCD23 /* ListaTableViewController.swift */; };
		4D1AE896265D6E1E00306420 /* SobreViewController.swift in Sources */ = {isa = PBXBuildFile; fileRef = 4D1AE895265D6E1E00306420 /* SobreViewController.swift */; };
/* End PBXBuildFile section */

/* Begin PBXFileReference section */
		4D1083F5265D453B00EDCD23 /* Filmes.app */ = {isa = PBXFileReference; explicitFileType = wrapper.application; includeInIndex = 0; path = Filmes.app; sourceTree = BUILT_PRODUCTS_DIR; };
		4D1083F8265D453B00EDCD23 /* AppDelegate.swift */ = {isa = PBXFileReference; lastKnownFileType = sourcecode.swift; path = AppDelegate.swift; sourceTree = "<group>"; };
		4D1083FA265D453B00EDCD23 /* SceneDelegate.swift */ = {isa = PBXFileReference; lastKnownFileType = sourcecode.swift; path = SceneDelegate.swift; sourceTree = "<group>"; };
		4D1083FC265D453B00EDCD23 /* ViewController.swift */ = {isa = PBXFileReference; lastKnownFileType = sourcecode.swift; path = ViewController.swift; sourceTree = "<group>"; };
		4D1083FF265D453B00EDCD23 /* Base */ = {isa = PBXFileReference; lastKnownFileType = file.storyboard; name = Base; path = Base.lproj/Main.storyboard; sourceTree = "<group>"; };
		4D108401265D453F00EDCD23 /* Assets.xcassets */ = {isa = PBXFileReference; lastKnownFileType = folder.assetcatalog; path = Assets.xcassets; sourceTree = "<group>"; };
		4D108404265D453F00EDCD23 /* Base */ = {isa = PBXFileReference; lastKnownFileType = file.storyboard; name = Base; path = Base.lproj/LaunchScreen.storyboard; sourceTree = "<group>"; };
		4D108406265D453F00EDCD23 /* Info.plist */ = {isa = PBXFileReference; lastKnownFileType = text.plist.xml; path = Info.plist; sourceTree = "<group>"; };
		4D10840F265D45FE00EDCD23 /* Filme.swift */ = {isa = PBXFileReference; lastKnownFileType = sourcecode.swift; path = Filme.swift; sourceTree = "<group>"; };
		4D108411265D464400EDCD23 /* Cadastro.swift */ = {isa = PBXFileReference; lastKnownFileType = sourcecode.swift; path = Cadastro.swift; sourceTree = "<group>"; };
		4D108415265D57ED00EDCD23 /* ListaTableViewController.swift */ = {isa = PBXFileReference; lastKnownFileType = sourcecode.swift; path = ListaTableViewController.swift; sourceTree = "<group>"; };
		4D1AE895265D6E1E00306420 /* SobreViewController.swift */ = {isa = PBXFileReference; lastKnownFileType = sourcecode.swift; name = SobreViewController.swift; path = Filmes/Controller/SobreViewController.swift; sourceTree = SOURCE_ROOT; };
/* End PBXFileReference section */

/* Begin PBXFrameworksBuildPhase section */
		4D1083F2265D453B00EDCD23 /* Frameworks */ = {
			isa = PBXFrameworksBuildPhase;
			buildActionMask = 2147483647;
			files = (
			);
			runOnlyForDeploymentPostprocessing = 0;
		};
/* End PBXFrameworksBuildPhase section */

/* Begin PBXGroup section */
		4D1083EC265D453B00EDCD23 = {
			isa = PBXGroup;
			children = (
				4D1083F7265D453B00EDCD23 /* Filmes */,
				4D1083F6265D453B00EDCD23 /* Products */,
			);
			sourceTree = "<group>";
		};
		4D1083F6265D453B00EDCD23 /* Products */ = {
			isa = PBXGroup;
			children = (
				4D1083F5265D453B00EDCD23 /* Filmes.app */,
			);
			name = Products;
			sourceTree = "<group>";
		};
		4D1083F7265D453B00EDCD23 /* Filmes */ = {
			isa = PBXGroup;
			children = (
				4D10840E265D45A100EDCD23 /* Controller */,
				4D10840D265D458E00EDCD23 /* Model */,
				4D10840C265D456600EDCD23 /* View */,
				4D1083F8265D453B00EDCD23 /* AppDelegate.swift */,
				4D1083FA265D453B00EDCD23 /* SceneDelegate.swift */,
				4D108401265D453F00EDCD23 /* Assets.xcassets */,
				4D108403265D453F00EDCD23 /* LaunchScreen.storyboard */,
				4D108406265D453F00EDCD23 /* Info.plist */,
			);
			path = Filmes;
			sourceTree = "<group>";
		};
		4D10840C265D456600EDCD23 /* View */ = {
			isa = PBXGroup;
			children = (
				4D1083FE265D453B00EDCD23 /* Main.storyboard */,
			);
			path = View;
			sourceTree = "<group>";
		};
		4D10840D265D458E00EDCD23 /* Model */ = {
			isa = PBXGroup;
			children = (
				4D10840F265D45FE00EDCD23 /* Filme.swift */,
				4D108411265D464400EDCD23 /* Cadastro.swift */,
			);
			path = Model;
			sourceTree = "<group>";
		};
		4D10840E265D45A100EDCD23 /* Controller */ = {
			isa = PBXGroup;
			children = (
				4D1AE895265D6E1E00306420 /* SobreViewController.swift */,
				4D1083FC265D453B00EDCD23 /* ViewController.swift */,
				4D108415265D57ED00EDCD23 /* ListaTableViewController.swift */,
			);
			path = Controller;
			sourceTree = "<group>";
		};
/* End PBXGroup section */

/* Begin PBXNativeTarget section */
		4D1083F4265D453B00EDCD23 /* Filmes */ = {
			isa = PBXNativeTarget;
			buildConfigurationList = 4D108409265D453F00EDCD23 /* Build configuration list for PBXNativeTarget "Filmes" */;
			buildPhases = (
				4D1083F1265D453B00EDCD23 /* Sources */,
				4D1083F2265D453B00EDCD23 /* Frameworks */,
				4D1083F3265D453B00EDCD23 /* Resources */,
			);
			buildRules = (
			);
			dependencies = (
			);
			name = Filmes;
			productName = Filmes;
			productReference = 4D1083F5265D453B00EDCD23 /* Filmes.app */;
			productType = "com.apple.product-type.application";
		};
/* End PBXNativeTarget section */

/* Begin PBXProject section */
		4D1083ED265D453B00EDCD23 /* Project object */ = {
			isa = PBXProject;
			attributes = {
				LastSwiftUpdateCheck = 1250;
				LastUpgradeCheck = 1250;
				TargetAttributes = {
					4D1083F4265D453B00EDCD23 = {
						CreatedOnToolsVersion = 12.5;
					};
				};
			};
			buildConfigurationList = 4D1083F0265D453B00EDCD23 /* Build configuration list for PBXProject "Filmes" */;
			compatibilityVersion = "Xcode 9.3";
			developmentRegion = en;
			hasScannedForEncodings = 0;
			knownRegions = (
				en,
				Base,
			);
			mainGroup = 4D1083EC265D453B00EDCD23;
			productRefGroup = 4D1083F6265D453B00EDCD23 /* Products */;
			projectDirPath = "";
			projectRoot = "";
			targets = (
				4D1083F4265D453B00EDCD23 /* Filmes */,
			);
		};
/* End PBXProject section */

/* Begin PBXResourcesBuildPhase section */
		4D1083F3265D453B00EDCD23 /* Resources */ = {
			isa = PBXResourcesBuildPhase;
			buildActionMask = 2147483647;
			files = (
				4D108405265D453F00EDCD23 /* LaunchScreen.storyboard in Resources */,
				4D108402265D453F00EDCD23 /* Assets.xcassets in Resources */,
				4D108400265D453B00EDCD23 /* Main.storyboard in Resources */,
			);
			runOnlyForDeploymentPostprocessing = 0;
		};
/* End PBXResourcesBuildPhase section */

/* Begin PBXSourcesBuildPhase section */
		4D1083F1265D453B00EDCD23 /* Sources */ = {
			isa = PBXSourcesBuildPhase;
			buildActionMask = 2147483647;
			files = (
				4D1083FD265D453B00EDCD23 /* ViewController.swift in Sources */,
				4D108412265D464400EDCD23 /* Cadastro.swift in Sources */,
				4D1083F9265D453B00EDCD23 /* AppDelegate.swift in Sources */,
				4D1AE896265D6E1E00306420 /* SobreViewController.swift in Sources */,
				4D1083FB265D453B00EDCD23 /* SceneDelegate.swift in Sources */,
				4D108410265D45FE00EDCD23 /* Filme.swift in Sources */,
				4D108416265D57ED00EDCD23 /* ListaTableViewController.swift in Sources */,
			);
			runOnlyForDeploymentPostprocessing = 0;
		};
/* End PBXSourcesBuildPhase section */

/* Begin PBXVariantGroup section */
		4D1083FE265D453B00EDCD23 /* Main.storyboard */ = {
			isa = PBXVariantGroup;
			children = (
				4D1083FF265D453B00EDCD23 /* Base */,
			);
			name = Main.storyboard;
			sourceTree = "<group>";
		};
		4D108403265D453F00EDCD23 /* LaunchScreen.storyboard */ = {
			isa = PBXVariantGroup;
			children = (
				4D108404265D453F00EDCD23 /* Base */,
			);
			name = LaunchScreen.storyboard;
			sourceTree = "<group>";
		};
/* End PBXVariantGroup section */

/* Begin XCBuildConfiguration section */
		4D108407265D453F00EDCD23 /* Debug */ = {
			isa = XCBuildConfiguration;
			buildSettings = {
				ALWAYS_SEARCH_USER_PATHS = NO;
				CLANG_ANALYZER_NONNULL = YES;
				CLANG_ANALYZER_NUMBER_OBJECT_CONVERSION = YES_AGGRESSIVE;
				CLANG_CXX_LANGUAGE_STANDARD = "gnu++14";
				CLANG_CXX_LIBRARY = "libc++";
				CLANG_ENABLE_MODULES = YES;
				CLANG_ENABLE_OBJC_ARC = YES;
				CLANG_ENABLE_OBJC_WEAK = YES;
				CLANG_WARN_BLOCK_CAPTURE_AUTORELEASING = YES;
				CLANG_WARN_BOOL_CONVERSION = YES;
				CLANG_WARN_COMMA = YES;
				CLANG_WARN_CONSTANT_CONVERSION = YES;
				CLANG_WARN_DEPRECATED_OBJC_IMPLEMENTATIONS = YES;
				CLANG_WARN_DIRECT_OBJC_ISA_USAGE = YES_ERROR;
				CLANG_WARN_DOCUMENTATION_COMMENTS = YES;
				CLANG_WARN_EMPTY_BODY = YES;
				CLANG_WARN_ENUM_CONVERSION = YES;
				CLANG_WARN_INFINITE_RECURSION = YES;
				CLANG_WARN_INT_CONVERSION = YES;
				CLANG_WARN_NON_LITERAL_NULL_CONVERSION = YES;
				CLANG_WARN_OBJC_IMPLICIT_RETAIN_SELF = YES;
				CLANG_WARN_OBJC_LITERAL_CONVERSION = YES;
				CLANG_WARN_OBJC_ROOT_CLASS = YES_ERROR;
				CLANG_WARN_QUOTED_INCLUDE_IN_FRAMEWORK_HEADER = YES;
				CLANG_WARN_RANGE_LOOP_ANALYSIS = YES;
				CLANG_WARN_STRICT_PROTOTYPES = YES;
				CLANG_WARN_SUSPICIOUS_MOVE = YES;
				CLANG_WARN_UNGUARDED_AVAILABILITY = YES_AGGRESSIVE;
				CLANG_WARN_UNREACHABLE_CODE = YES;
				CLANG_WARN__DUPLICATE_METHOD_MATCH = YES;
				COPY_PHASE_STRIP = NO;
				DEBUG_INFORMATION_FORMAT = dwarf;
				ENABLE_STRICT_OBJC_MSGSEND = YES;
				ENABLE_TESTABILITY = YES;
				GCC_C_LANGUAGE_STANDARD = gnu11;
				GCC_DYNAMIC_NO_PIC = NO;
				GCC_NO_COMMON_BLOCKS = YES;
				GCC_OPTIMIZATION_LEVEL = 0;
				GCC_PREPROCESSOR_DEFINITIONS = (
					"DEBUG=1",
					"$(inherited)",
				);
				GCC_WARN_64_TO_32_BIT_CONVERSION = YES;
				GCC_WARN_ABOUT_RETURN_TYPE = YES_ERROR;
				GCC_WARN_UNDECLARED_SELECTOR = YES;
				GCC_WARN_UNINITIALIZED_AUTOS = YES_AGGRESSIVE;
				GCC_WARN_UNUSED_FUNCTION = YES;
				GCC_WARN_UNUSED_VARIABLE = YES;
				IPHONEOS_DEPLOYMENT_TARGET = 14.5;
				MTL_ENABLE_DEBUG_INFO = INCLUDE_SOURCE;
				MTL_FAST_MATH = YES;
				ONLY_ACTIVE_ARCH = YES;
				SDKROOT = iphoneos;
				SWIFT_ACTIVE_COMPILATION_CONDITIONS = DEBUG;
				SWIFT_OPTIMIZATION_LEVEL = "-Onone";
			};
			name = Debug;
		};
		4D108408265D453F00EDCD23 /* Release */ = {
			isa = XCBuildConfiguration;
			buildSettings = {
				ALWAYS_SEARCH_USER_PATHS = NO;
				CLANG_ANALYZER_NONNULL = YES;
				CLANG_ANALYZER_NUMBER_OBJECT_CONVERSION = YES_AGGRESSIVE;
				CLANG_CXX_LANGUAGE_STANDARD = "gnu++14";
				CLANG_CXX_LIBRARY = "libc++";
				CLANG_ENABLE_MODULES = YES;
				CLANG_ENABLE_OBJC_ARC = YES;
				CLANG_ENABLE_OBJC_WEAK = YES;
				CLANG_WARN_BLOCK_CAPTURE_AUTORELEASING = YES;
				CLANG_WARN_BOOL_CONVERSION = YES;
				CLANG_WARN_COMMA = YES;
				CLANG_WARN_CONSTANT_CONVERSION = YES;
				CLANG_WARN_DEPRECATED_OBJC_IMPLEMENTATIONS = YES;
				CLANG_WARN_DIRECT_OBJC_ISA_USAGE = YES_ERROR;
				CLANG_WARN_DOCUMENTATION_COMMENTS = YES;
				CLANG_WARN_EMPTY_BODY = YES;
				CLANG_WARN_ENUM_CONVERSION = YES;
				CLANG_WARN_INFINITE_RECURSION = YES;
				CLANG_WARN_INT_CONVERSION = YES;
				CLANG_WARN_NON_LITERAL_NULL_CONVERSION = YES;
				CLANG_WARN_OBJC_IMPLICIT_RETAIN_SELF = YES;
				CLANG_WARN_OBJC_LITERAL_CONVERSION = YES;
				CLANG_WARN_OBJC_ROOT_CLASS = YES_ERROR;
				CLANG_WARN_QUOTED_INCLUDE_IN_FRAMEWORK_HEADER = YES;
				CLANG_WARN_RANGE_LOOP_ANALYSIS = YES;
				CLANG_WARN_STRICT_PROTOTYPES = YES;
				CLANG_WARN_SUSPICIOUS_MOVE = YES;
				CLANG_WARN_UNGUARDED_AVAILABILITY = YES_AGGRESSIVE;
				CLANG_WARN_UNREACHABLE_CODE = YES;
				CLANG_WARN__DUPLICATE_METHOD_MATCH = YES;
				COPY_PHASE_STRIP = NO;
				DEBUG_INFORMATION_FORMAT = "dwarf-with-dsym";
				ENABLE_NS_ASSERTIONS = NO;
				ENABLE_STRICT_OBJC_MSGSEND = YES;
				GCC_C_LANGUAGE_STANDARD = gnu11;
				GCC_NO_COMMON_BLOCKS = YES;
				GCC_WARN_64_TO_32_BIT_CONVERSION = YES;
				GCC_WARN_ABOUT_RETURN_TYPE = YES_ERROR;
				GCC_WARN_UNDECLARED_SELECTOR = YES;
				GCC_WARN_UNINITIALIZED_AUTOS = YES_AGGRESSIVE;
				GCC_WARN_UNUSED_FUNCTION = YES;
				GCC_WARN_UNUSED_VARIABLE = YES;
				IPHONEOS_DEPLOYMENT_TARGET = 14.5;
				MTL_ENABLE_DEBUG_INFO = NO;
				MTL_FAST_MATH = YES;
				SDKROOT = iphoneos;
				SWIFT_COMPILATION_MODE = wholemodule;
				SWIFT_OPTIMIZATION_LEVEL = "-O";
				VALIDATE_PRODUCT = YES;
			};
			name = Release;
		};
		4D10840A265D453F00EDCD23 /* Debug */ = {
			isa = XCBuildConfiguration;
			buildSettings = {
				ASSETCATALOG_COMPILER_APPICON_NAME = AppIcon;
				ASSETCATALOG_COMPILER_GLOBAL_ACCENT_COLOR_NAME = AccentColor;
				CODE_SIGN_STYLE = Automatic;
				INFOPLIST_FILE = Filmes/Info.plist;
				LD_RUNPATH_SEARCH_PATHS = (
					"$(inherited)",
					"@executable_path/Frameworks",
				);
				PRODUCT_BUNDLE_IDENTIFIER = com.dacruz.Filmes;
				PRODUCT_NAME = "$(TARGET_NAME)";
				SWIFT_VERSION = 5.0;
				TARGETED_DEVICE_FAMILY = "1,2";
			};
			name = Debug;
		};
		4D10840B265D453F00EDCD23 /* Release */ = {
			isa = XCBuildConfiguration;
			buildSettings = {
				ASSETCATALOG_COMPILER_APPICON_NAME = AppIcon;
				ASSETCATALOG_COMPILER_GLOBAL_ACCENT_COLOR_NAME = AccentColor;
				CODE_SIGN_STYLE = Automatic;
				INFOPLIST_FILE = Filmes/Info.plist;
				LD_RUNPATH_SEARCH_PATHS = (
					"$(inherited)",
					"@executable_path/Frameworks",
				);
				PRODUCT_BUNDLE_IDENTIFIER = com.dacruz.Filmes;
				PRODUCT_NAME = "$(TARGET_NAME)";
				SWIFT_VERSION = 5.0;
				TARGETED_DEVICE_FAMILY = "1,2";
			};
			name = Release;
		};
/* End XCBuildConfiguration section */

/* Begin XCConfigurationList section */
		4D1083F0265D453B00EDCD23 /* Build configuration list for PBXProject "Filmes" */ = {
			isa = XCConfigurationList;
			buildConfigurations = (
				4D108407265D453F00EDCD23 /* Debug */,
				4D108408265D453F00EDCD23 /* Release */,
			);
			defaultConfigurationIsVisible = 0;
			defaultConfigurationName = Release;
		};
		4D108409265D453F00EDCD23 /* Build configuration list for PBXNativeTarget "Filmes" */ = {
			isa = XCConfigurationList;
			buildConfigurations = (
				4D10840A265D453F00EDCD23 /* Debug */,
				4D10840B265D453F00EDCD23 /* Release */,
			);
			defaultConfigurationIsVisible = 0;
			defaultConfigurationName = Release;
		};
/* End XCConfigurationList section */
	};
	rootObject = 4D1083ED265D453B00EDCD23 /* Project object */;
}
